
Microsoft Visual Studio Solution File, Format Version 10.00
# Visual Studio 2008
Project("{FAE04EC0-301F-11D3-BF4B-00C04F79EFBC}") = "Test", "Test.csproj", "{B23654A0-1960-4F81-8447-63768C442C97}"
EndProject
Project("{FAE04EC0-301F-11D3-BF4B-00C04F79EFBC}") = "Northwind", "..\Northwind\Northwind.csproj", "{EB362F8A-2604-4FC2-BBF0-72BFA6905C83}"
EndProject
Project("{FAE04EC0-301F-11D3-BF4B-00C04F79EFBC}") = "LicenseTest", "..\LicenseTest\LicenseTest.csproj", "{F61C0E76-2D60-499F-A8EA-B124E56275BD}"
EndProject
Global
	GlobalSection(SolutionConfigurationPlatforms) = preSolution
		CN Release|Any CPU = CN Release|Any CPU
		Debug|Any CPU = Debug|Any CPU
		Free Edition Debug|Any CPU = Free Edition Debug|Any CPU
		Free Edition Release|Any CPU = Free Edition Release|Any CPU
		Release|Any CPU = Release|Any CPU
	EndGlobalSection
	GlobalSection(ProjectConfigurationPlatforms) = postSolution
		{B23654A0-1960-4F81-8447-63768C442C97}.CN Release|Any CPU.ActiveCfg = Release|Any CPU
		{B23654A0-1960-4F81-8447-63768C442C97}.CN Release|Any CPU.Build.0 = Release|Any CPU
		{B23654A0-1960-4F81-8447-63768C442C97}.Debug|Any CPU.ActiveCfg = Debug|Any CPU
		{B23654A0-1960-4F81-8447-63768C442C97}.Debug|Any CPU.Build.0 = Debug|Any CPU
		{B23654A0-1960-4F81-8447-63768C442C97}.Free Edition Debug|Any CPU.ActiveCfg = Free Edition Debug|Any CPU
		{B23654A0-1960-4F81-8447-63768C442C97}.Free Edition Debug|Any CPU.Build.0 = Free Edition Debug|Any CPU
		{B23654A0-1960-4F81-8447-63768C442C97}.Free Edition Release|Any CPU.ActiveCfg = Free Edition Release|Any CPU
		{B23654A0-1960-4F81-8447-63768C442C97}.Free Edition Release|Any CPU.Build.0 = Free Edition Release|Any CPU
		{B23654A0-1960-4F81-8447-63768C442C97}.Release|Any CPU.ActiveCfg = Release|Any CPU
		{B23654A0-1960-4F81-8447-63768C442C97}.Release|Any CPU.Build.0 = Release|Any CPU
		{EB362F8A-2604-4FC2-BBF0-72BFA6905C83}.CN Release|Any CPU.ActiveCfg = CN Release|Any CPU
		{EB362F8A-2604-4FC2-BBF0-72BFA6905C83}.CN Release|Any CPU.Build.0 = CN Release|Any CPU
		{EB362F8A-2604-4FC2-BBF0-72BFA6905C83}.Debug|Any CPU.ActiveCfg = Debug|Any CPU
		{EB362F8A-2604-4FC2-BBF0-72BFA6905C83}.Debug|Any CPU.Build.0 = Debug|Any CPU
		{EB362F8A-2604-4FC2-BBF0-72BFA6905C83}.Free Edition Debug|Any CPU.ActiveCfg = Free Edition Debug|Any CPU
		{EB362F8A-2604-4FC2-BBF0-72BFA6905C83}.Free Edition Debug|Any CPU.Build.0 = Free Edition Debug|Any CPU
		{EB362F8A-2604-4FC2-BBF0-72BFA6905C83}.Free Edition Release|Any CPU.ActiveCfg = Free Edition Release|Any CPU
		{EB362F8A-2604-4FC2-BBF0-72BFA6905C83}.Free Edition Release|Any CPU.Build.0 = Free Edition Release|Any CPU
		{EB362F8A-2604-4FC2-BBF0-72BFA6905C83}.Release|Any CPU.ActiveCfg = Release|Any CPU
		{EB362F8A-2604-4FC2-BBF0-72BFA6905C83}.Release|Any CPU.Build.0 = Release|Any CPU
		{F61C0E76-2D60-499F-A8EA-B124E56275BD}.CN Release|Any CPU.ActiveCfg = Release|Any CPU
		{F61C0E76-2D60-499F-A8EA-B124E56275BD}.CN Release|Any CPU.Build.0 = Release|Any CPU
		{F61C0E76-2D60-499F-A8EA-B124E56275BD}.Debug|Any CPU.ActiveCfg = Debug|Any CPU
		{F61C0E76-2D60-499F-A8EA-B124E56275BD}.Debug|Any CPU.Build.0 = Debug|Any CPU
		{F61C0E76-2D60-499F-A8EA-B124E56275BD}.Free Edition Debug|Any CPU.ActiveCfg = Debug|Any CPU
		{F61C0E76-2D60-499F-A8EA-B124E56275BD}.Free Edition Debug|Any CPU.Build.0 = Debug|Any CPU
		{F61C0E76-2D60-499F-A8EA-B124E56275BD}.Free Edition Release|Any CPU.ActiveCfg = Release|Any CPU
		{F61C0E76-2D60-499F-A8EA-B124E56275BD}.Free Edition Release|Any CPU.Build.0 = Release|Any CPU
		{F61C0E76-2D60-499F-A8EA-B124E56275BD}.Release|Any CPU.ActiveCfg = Release|Any CPU
		{F61C0E76-2D60-499F-A8EA-B124E56275BD}.Release|Any CPU.Build.0 = Release|Any CPU
	EndGlobalSection
	GlobalSection(SolutionProperties) = preSolution
		HideSolutionNode = FALSE
	EndGlobalSection
EndGlobal
