
Microsoft Visual Studio Solution File, Format Version 12.00
# Visual Studio 2012
VisualStudioVersion = 14.0.25123.0
MinimumVisualStudioVersion = 10.0.40219.1
Project("{FAE04EC0-301F-11D3-BF4B-00C04F79EFBC}") = "ALinq", "ALinq\ALinq.csproj", "{CACC7600-A3D0-4E7F-9C03-88F98C762DBD}"
EndProject
Project("{FAE04EC0-301F-11D3-BF4B-00C04F79EFBC}") = "ALinq.Access", "ALinq.Access\ALinq.Access.csproj", "{4F75B64B-272F-4980-BF0D-F9C4547EEE01}"
EndProject
Project("{FAE04EC0-301F-11D3-BF4B-00C04F79EFBC}") = "ALinq.DB2", "ALinq.DB2\ALinq.DB2.csproj", "{56454BBB-3936-4934-BD15-B817CF780F68}"
EndProject
Project("{FAE04EC0-301F-11D3-BF4B-00C04F79EFBC}") = "ALinq.Firebird", "ALinq.Firebird\ALinq.Firebird.csproj", "{BA4ACCD2-56D1-4929-AE72-ED2E41AA4511}"
EndProject
Project("{FAE04EC0-301F-11D3-BF4B-00C04F79EFBC}") = "ALinq.MySQL", "ALinq.MySQL\ALinq.MySQL.csproj", "{19CA27CC-D798-43FC-9BF5-DFAE28287A37}"
EndProject
Project("{FAE04EC0-301F-11D3-BF4B-00C04F79EFBC}") = "ALinq.OdpOracle", "ALinq.OdpOracle\ALinq.OdpOracle.csproj", "{0921CA6D-32F3-46B2-92C2-9D46794A035F}"
EndProject
Project("{FAE04EC0-301F-11D3-BF4B-00C04F79EFBC}") = "ALinq.PostgreSQL", "ALinq.PostgreSQL\ALinq.PostgreSQL.csproj", "{0729766C-7D6D-46FF-9DC7-BD5356296BDB}"
EndProject
Project("{FAE04EC0-301F-11D3-BF4B-00C04F79EFBC}") = "ALinq.SQLite", "ALinq.SqlLite\ALinq.SQLite.csproj", "{FC4950EE-B6CE-421C-ACD1-14414AED0E77}"
EndProject
Project("{FAE04EC0-301F-11D3-BF4B-00C04F79EFBC}") = "Test", "Test\Test.csproj", "{B23654A0-1960-4F81-8447-63768C442C97}"
EndProject
Project("{FAE04EC0-301F-11D3-BF4B-00C04F79EFBC}") = "Northwind", "Northwind\Northwind.csproj", "{EB362F8A-2604-4FC2-BBF0-72BFA6905C83}"
EndProject
Project("{FAE04EC0-301F-11D3-BF4B-00C04F79EFBC}") = "ALinq.Oracle", "ALinq.Orcale\ALinq.Oracle.csproj", "{12F17B3C-0EE9-48C2-9D22-B42DBEF2F16D}"
EndProject
Global
	GlobalSection(SolutionConfigurationPlatforms) = preSolution
		Debug|Any CPU = Debug|Any CPU
		Release|Any CPU = Release|Any CPU
		CN Release|Any CPU = CN Release|Any CPU
		Free Edition Release|Any CPU = Free Edition Release|Any CPU
		Free Edition Debug|Any CPU = Free Edition Debug|Any CPU
	EndGlobalSection
	GlobalSection(ProjectConfigurationPlatforms) = postSolution
		{0729766C-7D6D-46FF-9DC7-BD5356296BDB}.CN Release|Any CPU.ActiveCfg = Debug|Any CPU
		{0729766C-7D6D-46FF-9DC7-BD5356296BDB}.CN Release|Any CPU.Build.0 = Debug|Any CPU
		{0729766C-7D6D-46FF-9DC7-BD5356296BDB}.Debug|Any CPU.ActiveCfg = Debug|Any CPU
		{0729766C-7D6D-46FF-9DC7-BD5356296BDB}.Debug|Any CPU.Build.0 = Debug|Any CPU
		{0729766C-7D6D-46FF-9DC7-BD5356296BDB}.Free Edition Debug|Any CPU.ActiveCfg = Free Edition Debug|Any CPU
		{0729766C-7D6D-46FF-9DC7-BD5356296BDB}.Free Edition Debug|Any CPU.Build.0 = Free Edition Debug|Any CPU
		{0729766C-7D6D-46FF-9DC7-BD5356296BDB}.Free Edition Release|Any CPU.ActiveCfg = Free Edition Release|Any CPU
		{0729766C-7D6D-46FF-9DC7-BD5356296BDB}.Free Edition Release|Any CPU.Build.0 = Free Edition Release|Any CPU
		{0729766C-7D6D-46FF-9DC7-BD5356296BDB}.Release|Any CPU.ActiveCfg = Release|Any CPU
		{0729766C-7D6D-46FF-9DC7-BD5356296BDB}.Release|Any CPU.Build.0 = Release|Any CPU
		{0921CA6D-32F3-46B2-92C2-9D46794A035F}.CN Release|Any CPU.ActiveCfg = CN Release|Any CPU
		{0921CA6D-32F3-46B2-92C2-9D46794A035F}.CN Release|Any CPU.Build.0 = CN Release|Any CPU
		{0921CA6D-32F3-46B2-92C2-9D46794A035F}.Debug|Any CPU.ActiveCfg = Debug|Any CPU
		{0921CA6D-32F3-46B2-92C2-9D46794A035F}.Debug|Any CPU.Build.0 = Debug|Any CPU
		{0921CA6D-32F3-46B2-92C2-9D46794A035F}.Free Edition Debug|Any CPU.ActiveCfg = Free Edition Debug|Any CPU
		{0921CA6D-32F3-46B2-92C2-9D46794A035F}.Free Edition Debug|Any CPU.Build.0 = Free Edition Debug|Any CPU
		{0921CA6D-32F3-46B2-92C2-9D46794A035F}.Free Edition Release|Any CPU.ActiveCfg = Free Edition Release|Any CPU
		{0921CA6D-32F3-46B2-92C2-9D46794A035F}.Free Edition Release|Any CPU.Build.0 = Free Edition Release|Any CPU
		{0921CA6D-32F3-46B2-92C2-9D46794A035F}.Release|Any CPU.ActiveCfg = Release|Any CPU
		{0921CA6D-32F3-46B2-92C2-9D46794A035F}.Release|Any CPU.Build.0 = Release|Any CPU
		{12F17B3C-0EE9-48C2-9D22-B42DBEF2F16D}.CN Release|Any CPU.ActiveCfg = CN Release|Any CPU
		{12F17B3C-0EE9-48C2-9D22-B42DBEF2F16D}.CN Release|Any CPU.Build.0 = CN Release|Any CPU
		{12F17B3C-0EE9-48C2-9D22-B42DBEF2F16D}.Debug|Any CPU.ActiveCfg = Debug|Any CPU
		{12F17B3C-0EE9-48C2-9D22-B42DBEF2F16D}.Debug|Any CPU.Build.0 = Debug|Any CPU
		{12F17B3C-0EE9-48C2-9D22-B42DBEF2F16D}.Free Edition Debug|Any CPU.ActiveCfg = Free Edition Debug|Any CPU
		{12F17B3C-0EE9-48C2-9D22-B42DBEF2F16D}.Free Edition Debug|Any CPU.Build.0 = Free Edition Debug|Any CPU
		{12F17B3C-0EE9-48C2-9D22-B42DBEF2F16D}.Free Edition Release|Any CPU.ActiveCfg = Free Edition Release|Any CPU
		{12F17B3C-0EE9-48C2-9D22-B42DBEF2F16D}.Free Edition Release|Any CPU.Build.0 = Free Edition Release|Any CPU
		{12F17B3C-0EE9-48C2-9D22-B42DBEF2F16D}.Release|Any CPU.ActiveCfg = Release|Any CPU
		{12F17B3C-0EE9-48C2-9D22-B42DBEF2F16D}.Release|Any CPU.Build.0 = Release|Any CPU
		{19CA27CC-D798-43FC-9BF5-DFAE28287A37}.CN Release|Any CPU.ActiveCfg = CN Release|Any CPU
		{19CA27CC-D798-43FC-9BF5-DFAE28287A37}.CN Release|Any CPU.Build.0 = CN Release|Any CPU
		{19CA27CC-D798-43FC-9BF5-DFAE28287A37}.Debug|Any CPU.ActiveCfg = Debug|Any CPU
		{19CA27CC-D798-43FC-9BF5-DFAE28287A37}.Debug|Any CPU.Build.0 = Debug|Any CPU
		{19CA27CC-D798-43FC-9BF5-DFAE28287A37}.Free Edition Debug|Any CPU.ActiveCfg = Free Edition Debug|Any CPU
		{19CA27CC-D798-43FC-9BF5-DFAE28287A37}.Free Edition Debug|Any CPU.Build.0 = Free Edition Debug|Any CPU
		{19CA27CC-D798-43FC-9BF5-DFAE28287A37}.Free Edition Release|Any CPU.ActiveCfg = Free Edition Release|Any CPU
		{19CA27CC-D798-43FC-9BF5-DFAE28287A37}.Free Edition Release|Any CPU.Build.0 = Free Edition Release|Any CPU
		{19CA27CC-D798-43FC-9BF5-DFAE28287A37}.Release|Any CPU.ActiveCfg = Release|Any CPU
		{19CA27CC-D798-43FC-9BF5-DFAE28287A37}.Release|Any CPU.Build.0 = Release|Any CPU
		{4F75B64B-272F-4980-BF0D-F9C4547EEE01}.CN Release|Any CPU.ActiveCfg = CN Release|Any CPU
		{4F75B64B-272F-4980-BF0D-F9C4547EEE01}.CN Release|Any CPU.Build.0 = CN Release|Any CPU
		{4F75B64B-272F-4980-BF0D-F9C4547EEE01}.Debug|Any CPU.ActiveCfg = Debug|Any CPU
		{4F75B64B-272F-4980-BF0D-F9C4547EEE01}.Debug|Any CPU.Build.0 = Debug|Any CPU
		{4F75B64B-272F-4980-BF0D-F9C4547EEE01}.Free Edition Debug|Any CPU.ActiveCfg = Free Edition Debug|Any CPU
		{4F75B64B-272F-4980-BF0D-F9C4547EEE01}.Free Edition Debug|Any CPU.Build.0 = Free Edition Debug|Any CPU
		{4F75B64B-272F-4980-BF0D-F9C4547EEE01}.Free Edition Release|Any CPU.ActiveCfg = Free Edition Release|Any CPU
		{4F75B64B-272F-4980-BF0D-F9C4547EEE01}.Free Edition Release|Any CPU.Build.0 = Free Edition Release|Any CPU
		{4F75B64B-272F-4980-BF0D-F9C4547EEE01}.Release|Any CPU.ActiveCfg = Release|Any CPU
		{4F75B64B-272F-4980-BF0D-F9C4547EEE01}.Release|Any CPU.Build.0 = Release|Any CPU
		{56454BBB-3936-4934-BD15-B817CF780F68}.CN Release|Any CPU.ActiveCfg = Debug|Any CPU
		{56454BBB-3936-4934-BD15-B817CF780F68}.CN Release|Any CPU.Build.0 = Debug|Any CPU
		{56454BBB-3936-4934-BD15-B817CF780F68}.Debug|Any CPU.ActiveCfg = Debug|Any CPU
		{56454BBB-3936-4934-BD15-B817CF780F68}.Debug|Any CPU.Build.0 = Debug|Any CPU
		{56454BBB-3936-4934-BD15-B817CF780F68}.Free Edition Debug|Any CPU.ActiveCfg = Free Edition Debug|Any CPU
		{56454BBB-3936-4934-BD15-B817CF780F68}.Free Edition Debug|Any CPU.Build.0 = Free Edition Debug|Any CPU
		{56454BBB-3936-4934-BD15-B817CF780F68}.Free Edition Release|Any CPU.ActiveCfg = Free Edition Release|Any CPU
		{56454BBB-3936-4934-BD15-B817CF780F68}.Free Edition Release|Any CPU.Build.0 = Free Edition Release|Any CPU
		{56454BBB-3936-4934-BD15-B817CF780F68}.Release|Any CPU.ActiveCfg = Release|Any CPU
		{56454BBB-3936-4934-BD15-B817CF780F68}.Release|Any CPU.Build.0 = Release|Any CPU
		{B23654A0-1960-4F81-8447-63768C442C97}.CN Release|Any CPU.ActiveCfg = Debug|Any CPU
		{B23654A0-1960-4F81-8447-63768C442C97}.CN Release|Any CPU.Build.0 = Debug|Any CPU
		{B23654A0-1960-4F81-8447-63768C442C97}.Debug|Any CPU.ActiveCfg = Debug|Any CPU
		{B23654A0-1960-4F81-8447-63768C442C97}.Debug|Any CPU.Build.0 = Debug|Any CPU
		{B23654A0-1960-4F81-8447-63768C442C97}.Free Edition Debug|Any CPU.ActiveCfg = Free Edition Debug|Any CPU
		{B23654A0-1960-4F81-8447-63768C442C97}.Free Edition Debug|Any CPU.Build.0 = Free Edition Debug|Any CPU
		{B23654A0-1960-4F81-8447-63768C442C97}.Free Edition Release|Any CPU.ActiveCfg = Free Edition Release|Any CPU
		{B23654A0-1960-4F81-8447-63768C442C97}.Free Edition Release|Any CPU.Build.0 = Free Edition Release|Any CPU
		{B23654A0-1960-4F81-8447-63768C442C97}.Release|Any CPU.ActiveCfg = Release|Any CPU
		{B23654A0-1960-4F81-8447-63768C442C97}.Release|Any CPU.Build.0 = Release|Any CPU
		{BA4ACCD2-56D1-4929-AE72-ED2E41AA4511}.CN Release|Any CPU.ActiveCfg = CN Release|Any CPU
		{BA4ACCD2-56D1-4929-AE72-ED2E41AA4511}.CN Release|Any CPU.Build.0 = CN Release|Any CPU
		{BA4ACCD2-56D1-4929-AE72-ED2E41AA4511}.Debug|Any CPU.ActiveCfg = Debug|Any CPU
		{BA4ACCD2-56D1-4929-AE72-ED2E41AA4511}.Debug|Any CPU.Build.0 = Debug|Any CPU
		{BA4ACCD2-56D1-4929-AE72-ED2E41AA4511}.Free Edition Debug|Any CPU.ActiveCfg = Free Edition Debug|Any CPU
		{BA4ACCD2-56D1-4929-AE72-ED2E41AA4511}.Free Edition Debug|Any CPU.Build.0 = Free Edition Debug|Any CPU
		{BA4ACCD2-56D1-4929-AE72-ED2E41AA4511}.Free Edition Release|Any CPU.ActiveCfg = Free Edition Release|Any CPU
		{BA4ACCD2-56D1-4929-AE72-ED2E41AA4511}.Free Edition Release|Any CPU.Build.0 = Free Edition Release|Any CPU
		{BA4ACCD2-56D1-4929-AE72-ED2E41AA4511}.Release|Any CPU.ActiveCfg = Release|Any CPU
		{BA4ACCD2-56D1-4929-AE72-ED2E41AA4511}.Release|Any CPU.Build.0 = Release|Any CPU
		{CACC7600-A3D0-4E7F-9C03-88F98C762DBD}.CN Release|Any CPU.ActiveCfg = CN Release|Any CPU
		{CACC7600-A3D0-4E7F-9C03-88F98C762DBD}.CN Release|Any CPU.Build.0 = CN Release|Any CPU
		{CACC7600-A3D0-4E7F-9C03-88F98C762DBD}.Debug|Any CPU.ActiveCfg = Debug|Any CPU
		{CACC7600-A3D0-4E7F-9C03-88F98C762DBD}.Debug|Any CPU.Build.0 = Debug|Any CPU
		{CACC7600-A3D0-4E7F-9C03-88F98C762DBD}.Free Edition Debug|Any CPU.ActiveCfg = Free Edition Debug|Any CPU
		{CACC7600-A3D0-4E7F-9C03-88F98C762DBD}.Free Edition Debug|Any CPU.Build.0 = Free Edition Debug|Any CPU
		{CACC7600-A3D0-4E7F-9C03-88F98C762DBD}.Free Edition Release|Any CPU.ActiveCfg = Free Edition Release|Any CPU
		{CACC7600-A3D0-4E7F-9C03-88F98C762DBD}.Free Edition Release|Any CPU.Build.0 = Free Edition Release|Any CPU
		{CACC7600-A3D0-4E7F-9C03-88F98C762DBD}.Release|Any CPU.ActiveCfg = Release|Any CPU
		{CACC7600-A3D0-4E7F-9C03-88F98C762DBD}.Release|Any CPU.Build.0 = Release|Any CPU
		{EB362F8A-2604-4FC2-BBF0-72BFA6905C83}.CN Release|Any CPU.ActiveCfg = CN Release|Any CPU
		{EB362F8A-2604-4FC2-BBF0-72BFA6905C83}.CN Release|Any CPU.Build.0 = CN Release|Any CPU
		{EB362F8A-2604-4FC2-BBF0-72BFA6905C83}.Debug|Any CPU.ActiveCfg = Debug|Any CPU
		{EB362F8A-2604-4FC2-BBF0-72BFA6905C83}.Debug|Any CPU.Build.0 = Debug|Any CPU
		{EB362F8A-2604-4FC2-BBF0-72BFA6905C83}.Free Edition Debug|Any CPU.ActiveCfg = Free Edition Debug|Any CPU
		{EB362F8A-2604-4FC2-BBF0-72BFA6905C83}.Free Edition Debug|Any CPU.Build.0 = Free Edition Debug|Any CPU
		{EB362F8A-2604-4FC2-BBF0-72BFA6905C83}.Free Edition Release|Any CPU.ActiveCfg = Free Edition Release|Any CPU
		{EB362F8A-2604-4FC2-BBF0-72BFA6905C83}.Free Edition Release|Any CPU.Build.0 = Free Edition Release|Any CPU
		{EB362F8A-2604-4FC2-BBF0-72BFA6905C83}.Release|Any CPU.ActiveCfg = Release|Any CPU
		{EB362F8A-2604-4FC2-BBF0-72BFA6905C83}.Release|Any CPU.Build.0 = Release|Any CPU
		{FC4950EE-B6CE-421C-ACD1-14414AED0E77}.CN Release|Any CPU.ActiveCfg = CN Release|Any CPU
		{FC4950EE-B6CE-421C-ACD1-14414AED0E77}.CN Release|Any CPU.Build.0 = CN Release|Any CPU
		{FC4950EE-B6CE-421C-ACD1-14414AED0E77}.Debug|Any CPU.ActiveCfg = Debug|Any CPU
		{FC4950EE-B6CE-421C-ACD1-14414AED0E77}.Debug|Any CPU.Build.0 = Debug|Any CPU
		{FC4950EE-B6CE-421C-ACD1-14414AED0E77}.Free Edition Debug|Any CPU.ActiveCfg = Free Edition Debug|Any CPU
		{FC4950EE-B6CE-421C-ACD1-14414AED0E77}.Free Edition Debug|Any CPU.Build.0 = Free Edition Debug|Any CPU
		{FC4950EE-B6CE-421C-ACD1-14414AED0E77}.Free Edition Release|Any CPU.ActiveCfg = Free Edition Release|Any CPU
		{FC4950EE-B6CE-421C-ACD1-14414AED0E77}.Free Edition Release|Any CPU.Build.0 = Free Edition Release|Any CPU
		{FC4950EE-B6CE-421C-ACD1-14414AED0E77}.Release|Any CPU.ActiveCfg = Release|Any CPU
		{FC4950EE-B6CE-421C-ACD1-14414AED0E77}.Release|Any CPU.Build.0 = Release|Any CPU
	EndGlobalSection
	GlobalSection(SolutionProperties) = preSolution
		HideSolutionNode = FALSE
	EndGlobalSection
	GlobalSection(TestCaseManagementSettings) = postSolution
		CategoryFile = ALinq3_NET35.vsmdi
	EndGlobalSection
	GlobalSection(SpecExplorer.ActivityCompletionStatus) = preSolution
		SpecExplorer.ActivityCompletionStatus = TestExisting: ;ModelFromScratch: 
	EndGlobalSection
EndGlobal
