
Microsoft Visual Studio Solution File, Format Version 10.00
# Visual Studio 2008
Project("{FAE04EC0-301F-11D3-BF4B-00C04F79EFBC}") = "Northwind", "Northwind.csproj", "{EB362F8A-2604-4FC2-BBF0-72BFA6905C83}"
EndProject
Global
	GlobalSection(SourceCodeControl) = preSolution
		SccNumberOfProjects = 1
		SccProjectUniqueName0 = Northwind.csproj
		SccProjectName0 = \u0022$/ALinq2.0.root/ALinq2.3/Northwind\u0022,\u0020ENBBAAAA
		SccLocalPath0 = .
		SccProvider0 = MSSCCI:Microsoft\u0020Visual\u0020SourceSafe
	EndGlobalSection
	GlobalSection(SolutionConfigurationPlatforms) = preSolution
		CN Debug|Any CPU = CN Debug|Any CPU
		CN Release|Any CPU = CN Release|Any CPU
		Debug|Any CPU = Debug|Any CPU
		Release|Any CPU = Release|Any CPU
		Trial Debug|Any CPU = Trial Debug|Any CPU
		Trial Release|Any CPU = Trial Release|Any CPU
	EndGlobalSection
	GlobalSection(ProjectConfigurationPlatforms) = postSolution
		{EB362F8A-2604-4FC2-BBF0-72BFA6905C83}.CN Debug|Any CPU.ActiveCfg = CN Debug|Any CPU
		{EB362F8A-2604-4FC2-BBF0-72BFA6905C83}.CN Debug|Any CPU.Build.0 = CN Debug|Any CPU
		{EB362F8A-2604-4FC2-BBF0-72BFA6905C83}.CN Release|Any CPU.ActiveCfg = CN Release|Any CPU
		{EB362F8A-2604-4FC2-BBF0-72BFA6905C83}.CN Release|Any CPU.Build.0 = CN Release|Any CPU
		{EB362F8A-2604-4FC2-BBF0-72BFA6905C83}.Debug|Any CPU.ActiveCfg = Debug|Any CPU
		{EB362F8A-2604-4FC2-BBF0-72BFA6905C83}.Debug|Any CPU.Build.0 = Debug|Any CPU
		{EB362F8A-2604-4FC2-BBF0-72BFA6905C83}.Release|Any CPU.ActiveCfg = Release|Any CPU
		{EB362F8A-2604-4FC2-BBF0-72BFA6905C83}.Release|Any CPU.Build.0 = Release|Any CPU
		{EB362F8A-2604-4FC2-BBF0-72BFA6905C83}.Trial Debug|Any CPU.ActiveCfg = Trial Debug|Any CPU
		{EB362F8A-2604-4FC2-BBF0-72BFA6905C83}.Trial Debug|Any CPU.Build.0 = Trial Debug|Any CPU
		{EB362F8A-2604-4FC2-BBF0-72BFA6905C83}.Trial Release|Any CPU.ActiveCfg = Trial Release|Any CPU
		{EB362F8A-2604-4FC2-BBF0-72BFA6905C83}.Trial Release|Any CPU.Build.0 = Trial Release|Any CPU
	EndGlobalSection
	GlobalSection(SolutionProperties) = preSolution
		HideSolutionNode = FALSE
	EndGlobalSection
EndGlobal
